
Microsoft Visual Studio Solution File, Format Version 12.00
# Visual Studio 15
VisualStudioVersion = 15.0.27703.2035
MinimumVisualStudioVersion = 10.0.40219.1
Project("{9A19103F-16F7-4668-BE54-9A1E7A4F7556}") = "Kufar", "Kufar\Kufar.csproj", "{2EE17956-CE63-427D-8825-FC9D8E22CB18}"
EndProject
Project("{9A19103F-16F7-4668-BE54-9A1E7A4F7556}") = "UnitTestKufar.Tests", "UnitTestKufar\UnitTestKufar.Tests.csproj", "{C6E75D2F-15C7-4F01-AEB6-F34365F65B75}"
EndProject
Global
	GlobalSection(SolutionConfigurationPlatforms) = preSolution
		Debug|Any CPU = Debug|Any CPU
		Release|Any CPU = Release|Any CPU
	EndGlobalSection
	GlobalSection(ProjectConfigurationPlatforms) = postSolution
		{2EE17956-CE63-427D-8825-FC9D8E22CB18}.Debug|Any CPU.ActiveCfg = Debug|Any CPU
		{2EE17956-CE63-427D-8825-FC9D8E22CB18}.Debug|Any CPU.Build.0 = Debug|Any CPU
		{2EE17956-CE63-427D-8825-FC9D8E22CB18}.Release|Any CPU.ActiveCfg = Release|Any CPU
		{2EE17956-CE63-427D-8825-FC9D8E22CB18}.Release|Any CPU.Build.0 = Release|Any CPU
		{C6E75D2F-15C7-4F01-AEB6-F34365F65B75}.Debug|Any CPU.ActiveCfg = Debug|Any CPU
		{C6E75D2F-15C7-4F01-AEB6-F34365F65B75}.Debug|Any CPU.Build.0 = Debug|Any CPU
		{C6E75D2F-15C7-4F01-AEB6-F34365F65B75}.Release|Any CPU.ActiveCfg = Release|Any CPU
		{C6E75D2F-15C7-4F01-AEB6-F34365F65B75}.Release|Any CPU.Build.0 = Release|Any CPU
	EndGlobalSection
	GlobalSection(SolutionProperties) = preSolution
		HideSolutionNode = FALSE
	EndGlobalSection
	GlobalSection(ExtensibilityGlobals) = postSolution
		SolutionGuid = {ED15E8E3-7085-48CA-85F9-565C6EF882B5}
	EndGlobalSection
EndGlobal
